
Microsoft Visual Studio Solution File, Format Version 12.00
# Visual Studio Version 17
VisualStudioVersion = 17.10.34928.147
MinimumVisualStudioVersion = 10.0.40219.1
Project("{FAE04EC0-301F-11D3-BF4B-00C04F79EFBC}") = "Deligates", "Deligates.csproj", "{4C592CCB-89F6-4C59-B98A-249D2C4319DB}"
EndProject
Global
	GlobalSection(SolutionConfigurationPlatforms) = preSolution
		Debug|Any CPU = Debug|Any CPU
		Release|Any CPU = Release|Any CPU
	EndGlobalSection
	GlobalSection(ProjectConfigurationPlatforms) = postSolution
		{4C592CCB-89F6-4C59-B98A-249D2C4319DB}.Debug|Any CPU.ActiveCfg = Debug|Any CPU
		{4C592CCB-89F6-4C59-B98A-249D2C4319DB}.Debug|Any CPU.Build.0 = Debug|Any CPU
		{4C592CCB-89F6-4C59-B98A-249D2C4319DB}.Release|Any CPU.ActiveCfg = Release|Any CPU
		{4C592CCB-89F6-4C59-B98A-249D2C4319DB}.Release|Any CPU.Build.0 = Release|Any CPU
	EndGlobalSection
	GlobalSection(SolutionProperties) = preSolution
		HideSolutionNode = FALSE
	EndGlobalSection
	GlobalSection(ExtensibilityGlobals) = postSolution
		SolutionGuid = {5C72F0C4-DDC8-452A-9495-CE3C9A2B95A1}
	EndGlobalSection
EndGlobal
