
Microsoft Visual Studio Solution File, Format Version 12.00
# Visual Studio Version 17
VisualStudioVersion = 17.10.34928.147
MinimumVisualStudioVersion = 10.0.40219.1
Project("{FAE04EC0-301F-11D3-BF4B-00C04F79EFBC}") = "MobileApps", "MobileApps.csproj", "{23AF4E65-CC4F-4517-8F33-43616F15A38B}"
EndProject
Global
	GlobalSection(SolutionConfigurationPlatforms) = preSolution
		Debug|Any CPU = Debug|Any CPU
		Release|Any CPU = Release|Any CPU
	EndGlobalSection
	GlobalSection(ProjectConfigurationPlatforms) = postSolution
		{23AF4E65-CC4F-4517-8F33-43616F15A38B}.Debug|Any CPU.ActiveCfg = Debug|Any CPU
		{23AF4E65-CC4F-4517-8F33-43616F15A38B}.Debug|Any CPU.Build.0 = Debug|Any CPU
		{23AF4E65-CC4F-4517-8F33-43616F15A38B}.Release|Any CPU.ActiveCfg = Release|Any CPU
		{23AF4E65-CC4F-4517-8F33-43616F15A38B}.Release|Any CPU.Build.0 = Release|Any CPU
	EndGlobalSection
	GlobalSection(SolutionProperties) = preSolution
		HideSolutionNode = FALSE
	EndGlobalSection
	GlobalSection(ExtensibilityGlobals) = postSolution
		SolutionGuid = {5096AF3B-B06B-4A36-AFE8-4FE5924AD093}
	EndGlobalSection
EndGlobal
